
Microsoft Visual Studio Solution File, Format Version 12.00
# Visual Studio Version 17
VisualStudioVersion = 17.8.34330.188
MinimumVisualStudioVersion = 10.0.40219.1
Project("{FAE04EC0-301F-11D3-BF4B-00C04F79EFBC}") = "Lab3. WordExporter", "Lab3. WordExporter\Lab3. WordExporter.csproj", "{D283D742-D3B3-42C3-8F39-AF6F80F011F6}"
EndProject
Global
	GlobalSection(SolutionConfigurationPlatforms) = preSolution
		Debug|Any CPU = Debug|Any CPU
		Release|Any CPU = Release|Any CPU
	EndGlobalSection
	GlobalSection(ProjectConfigurationPlatforms) = postSolution
		{D283D742-D3B3-42C3-8F39-AF6F80F011F6}.Debug|Any CPU.ActiveCfg = Debug|Any CPU
		{D283D742-D3B3-42C3-8F39-AF6F80F011F6}.Debug|Any CPU.Build.0 = Debug|Any CPU
		{D283D742-D3B3-42C3-8F39-AF6F80F011F6}.Release|Any CPU.ActiveCfg = Release|Any CPU
		{D283D742-D3B3-42C3-8F39-AF6F80F011F6}.Release|Any CPU.Build.0 = Release|Any CPU
	EndGlobalSection
	GlobalSection(SolutionProperties) = preSolution
		HideSolutionNode = FALSE
	EndGlobalSection
	GlobalSection(ExtensibilityGlobals) = postSolution
		SolutionGuid = {E3B96909-EC16-4799-BF51-F52DA88CEDFD}
	EndGlobalSection
EndGlobal
